
Microsoft Visual Studio Solution File, Format Version 12.00
Project("{FAE04EC0-301F-11D3-BF4B-00C04F79EFBC}") = "MHLab.Utilities", "MHLab.Utilities\MHLab.Utilities.csproj", "{01913957-C52E-4FF2-826A-86DC6EB763E8}"
EndProject
Project("{FAE04EC0-301F-11D3-BF4B-00C04F79EFBC}") = "MHLab.Utilities.Tests", "MHLab.Utilities.Tests\MHLab.Utilities.Tests.csproj", "{FED11940-7BDE-4F91-A529-97D290DEB1F6}"
EndProject
Global
	GlobalSection(SolutionConfigurationPlatforms) = preSolution
		Debug|Any CPU = Debug|Any CPU
		Release|Any CPU = Release|Any CPU
	EndGlobalSection
	GlobalSection(ProjectConfigurationPlatforms) = postSolution
		{01913957-C52E-4FF2-826A-86DC6EB763E8}.Debug|Any CPU.ActiveCfg = Debug|Any CPU
		{01913957-C52E-4FF2-826A-86DC6EB763E8}.Debug|Any CPU.Build.0 = Debug|Any CPU
		{01913957-C52E-4FF2-826A-86DC6EB763E8}.Release|Any CPU.ActiveCfg = Release|Any CPU
		{01913957-C52E-4FF2-826A-86DC6EB763E8}.Release|Any CPU.Build.0 = Release|Any CPU
		{FED11940-7BDE-4F91-A529-97D290DEB1F6}.Debug|Any CPU.ActiveCfg = Debug|Any CPU
		{FED11940-7BDE-4F91-A529-97D290DEB1F6}.Debug|Any CPU.Build.0 = Debug|Any CPU
		{FED11940-7BDE-4F91-A529-97D290DEB1F6}.Release|Any CPU.ActiveCfg = Release|Any CPU
		{FED11940-7BDE-4F91-A529-97D290DEB1F6}.Release|Any CPU.Build.0 = Release|Any CPU
	EndGlobalSection
EndGlobal
